# This file is generated by running "yarn install" inside your project.
# Manual changes might be lost - proceed with caution!

__metadata:
  version: 4

"@bet/assert@workspace:packages/assert":
  version: 0.0.0-use.local
  resolution: "@bet/assert@workspace:packages/assert"
  languageName: unknown
  linkType: soft

"@bet/comparator@workspace:services/comparator":
  version: 0.0.0-use.local
  resolution: "@bet/comparator@workspace:services/comparator"
  dependencies:
    "@bet/assert": "workspace:packages/assert"
    "@bet/telegram-bot-api": "workspace:packages/telegram-bot-api"
    "@types/mongodb": ^3.5.3
    "@types/node": ^13.9.4
    "@types/string-similarity": ^3.0.0
    moment: ^2.24.0
    mongodb: ^3.5.5
    string-similarity: ^4.0.1
    ts-node: ^8.8.1
    typescript: ^3.8.3
  languageName: unknown
  linkType: soft

"@bet/core@workspace:.":
  version: 0.0.0-use.local
  resolution: "@bet/core@workspace:."
  dependencies:
    "@yarnpkg/pnpify": ^2.0.0-rc.20
    prettier: ^2.0.2
    typescript: ^3.8.3
  languageName: unknown
  linkType: soft

"@bet/health@workspace:services/health":
  version: 0.0.0-use.local
  resolution: "@bet/health@workspace:services/health"
  dependencies:
    "@types/mongodb": ^3.5.3
    "@types/node": ^13.9.4
    moment: ^2.24.0
    mongodb: ^3.5.5
    ts-node: ^8.8.1
    typescript: ^3.8.3
  languageName: unknown
  linkType: soft

"@bet/scraper-1xbet@workspace:services/scraper-1xbet":
  version: 0.0.0-use.local
  resolution: "@bet/scraper-1xbet@workspace:services/scraper-1xbet"
  dependencies:
    "@types/mongodb": ^3.5.3
    "@types/node": ^13.9.4
    "@types/puppeteer": ^2.0.1
    moment: ^2.24.0
    mongodb: ^3.5.5
    puppeteer: ^2.1.1
    ts-node: ^8.8.1
    typescript: ^3.8.3
  languageName: unknown
  linkType: soft

"@bet/scraper-marathon@workspace:services/scraper-marathon":
  version: 0.0.0-use.local
  resolution: "@bet/scraper-marathon@workspace:services/scraper-marathon"
  dependencies:
    "@types/mongodb": ^3.5.3
    "@types/node": ^13.9.4
    axios: ^0.19.2
    moment: ^2.24.0
    mongodb: ^3.5.5
    node-html-parser: ^1.2.13
    ts-node: ^8.8.1
    typescript: ^3.8.3
  languageName: unknown
  linkType: soft

"@bet/scraper-pinnacle@workspace:services/scraper-pinnacle":
  version: 0.0.0-use.local
  resolution: "@bet/scraper-pinnacle@workspace:services/scraper-pinnacle"
  dependencies:
    "@types/mongodb": ^3.5.3
    "@types/node": ^13.9.4
    axios: ^0.19.2
    moment: ^2.24.0
    mongodb: ^3.5.5
    ts-node: ^8.8.1
    typescript: ^3.8.3
  languageName: unknown
  linkType: soft

"@bet/telegram-bot-api@workspace:packages/telegram-bot-api":
  version: 0.0.0-use.local
  resolution: "@bet/telegram-bot-api@workspace:packages/telegram-bot-api"
  dependencies:
    "@types/node-fetch": ^2.5.5
    node-fetch: ^2.6.0
  languageName: unknown
  linkType: soft

"@types/bson@npm:*":
  version: 4.0.2
  resolution: "@types/bson@npm:4.0.2"
  dependencies:
    "@types/node": "*"
  checksum: 2/853bd6bee3bca53aee92f63f1748f53d9c0cc179fad80ddb46b000a866e888bbc7f42d7ce04c6e7dbdf5ed63f2a2e7bf6a962d82a9017b4a6b48237d63d927a3
  languageName: node
  linkType: hard

"@types/color-name@npm:^1.1.1":
  version: 1.1.1
  resolution: "@types/color-name@npm:1.1.1"
  checksum: 2/8311db94a9c4ecd247763b81e783ee49d87678b4ce6a7ee502e2bd5cea242b7357804a04855db009f713174bc654cc0c01c7303d40d757e5d710f5ac0368500f
  languageName: node
  linkType: hard

"@types/emscripten@npm:^1.38.0":
  version: 1.39.3
  resolution: "@types/emscripten@npm:1.39.3"
  checksum: 2/dd6453e0de7e5ec31850e021749a2ea6c25af9477d41cc973b1d6ce6cd14da97301d13da7a75e6161064800b0fcfb6c8e4be4b1b730039f724d8decd4e3b8fff
  languageName: node
  linkType: hard

"@types/mime-types@npm:^2.1.0":
  version: 2.1.0
  resolution: "@types/mime-types@npm:2.1.0"
  checksum: 2/26915c3601cb8569f4a3665ea8e460adc97165d48a3898edf816066212eca0de3935a0c11d111a3aff8c0ebb4b7e03923001d8bac90c24896719e3ff4655e1a9
  languageName: node
  linkType: hard

"@types/mongodb@npm:^3.5.3":
  version: 3.5.3
  resolution: "@types/mongodb@npm:3.5.3"
  dependencies:
    "@types/bson": "*"
    "@types/node": "*"
  checksum: 2/b41ae12d13b0ff35d099e739f6e01837778d4335e4a6ea72b865121761579c3dbf14f256b090f3bf550eb5aa6caa2db373f3a5a20372c0561577b0b8e54e9235
  languageName: node
  linkType: hard

"@types/node-fetch@npm:^2.5.5":
  version: 2.5.5
  resolution: "@types/node-fetch@npm:2.5.5"
  dependencies:
    "@types/node": "*"
    form-data: ^3.0.0
  checksum: 2/f877e0bc99fb08e8080bbc88ecabc29fdb060b19f1bdcea219562e6d234e3438a5f2cb36a4d4172a12043eb1148f9d0a043c0a578725c90caa9e78b90c61f9f4
  languageName: node
  linkType: hard

"@types/node@npm:*, @types/node@npm:^13.9.4":
  version: 13.9.4
  resolution: "@types/node@npm:13.9.4"
  checksum: 2/694deafd537db183686556fc9005a5a0910b57fb88b06e7c39bc27423006014566f2ceb316c95095beef5c02e44367f18cbeb6106c5df11ea983535a0b6a3e3b
  languageName: node
  linkType: hard

"@types/puppeteer@npm:^2.0.1":
  version: 2.0.1
  resolution: "@types/puppeteer@npm:2.0.1"
  dependencies:
    "@types/node": "*"
  checksum: 2/8824a20456bef17864547e23f3f1211da046a49231e06fbf32c2df41bb2ea3834825064b200f6cd2639f5cb33268a10227f5242475a22effc8aa5ca7ef2af880
  languageName: node
  linkType: hard

"@types/string-similarity@npm:^3.0.0":
  version: 3.0.0
  resolution: "@types/string-similarity@npm:3.0.0"
  checksum: 2/284925d6961b5378cd40c571a3aab49e4e5c2a1e448d426385c009c1a7895acbd2e4c43231a30c334487ce306fdb15633e1b98af68d8b8f372c4c7ec876aa6a4
  languageName: node
  linkType: hard

"@yarnpkg/fslib@npm:^2.0.0-rc.17":
  version: 2.0.0-rc.17
  resolution: "@yarnpkg/fslib@npm:2.0.0-rc.17"
  dependencies:
    "@yarnpkg/libzip": ^2.0.0-rc.10
  checksum: 2/4e90a046f1645bac793c88811beb7da945af63cc9ce48930199714050c601adb52c7dab1dd3cac7d9fb200dbade4bcf15248925b98ccb3ed7546c339b9f66817
  languageName: node
  linkType: hard

"@yarnpkg/libzip@npm:^2.0.0-rc.10":
  version: 2.0.0-rc.10
  resolution: "@yarnpkg/libzip@npm:2.0.0-rc.10"
  dependencies:
    "@types/emscripten": ^1.38.0
  checksum: 2/95ae332b349eee4d53e0f098b7d1e4a399960d6661f33873f26cce47d32daa7e0cca7fbeb5f236aa17a20a1e5fd0d250e585267ec356df7732b6a835d934bd66
  languageName: node
  linkType: hard

"@yarnpkg/pnpify@npm:^2.0.0-rc.20":
  version: 2.0.0-rc.20
  resolution: "@yarnpkg/pnpify@npm:2.0.0-rc.20"
  dependencies:
    "@yarnpkg/fslib": ^2.0.0-rc.17
    chalk: ^3.0.0
    comment-json: ^2.2.0
    cross-spawn: 6.0.5
  peerDependencies:
    eslint: "*"
    typescript: "*"
  peerDependenciesMeta:
    eslint:
      optional: true
    typescript:
      optional: true
  bin:
    pnpify: ./lib/cli.js
  checksum: 2/26b1656ffe13ce6760b3abd94d6bbc0f63b567cb7cabecaf14517a61dc79cbefb09bd07732a300e922c3f4edc7c6119c4500f30f9fa39cd67194ae154c5accce
  languageName: node
  linkType: hard

"agent-base@npm:5":
  version: 5.1.1
  resolution: "agent-base@npm:5.1.1"
  checksum: 2/aff8e856932ba63bbe097ac460f2f474669c5a1ca7674d3be19d4c258b4276a6b71863fb25c8bc3d424320d0c81652044098346403e759a65a76712e697633fa
  languageName: node
  linkType: hard

"ansi-styles@npm:^4.1.0":
  version: 4.2.1
  resolution: "ansi-styles@npm:4.2.1"
  dependencies:
    "@types/color-name": ^1.1.1
    color-convert: ^2.0.1
  checksum: 2/c8c007d5dab7b4fea064c9ea318114e1f6fc714bb382d061ac09e66bc83c8f3ce12bb6354be01598722c14a5d710af280b7614d269354f80d2535946aefa82f4
  languageName: node
  linkType: hard

"arg@npm:^4.1.0":
  version: 4.1.3
  resolution: "arg@npm:4.1.3"
  checksum: 2/81b3b40b1529c4fbf75b12f7c3e6fb2dcce9e78072063babc169de9b4f40777788f3d2b04380f659ef676a756e03ccfbfe78adf4477353bda906295fa69dab89
  languageName: node
  linkType: hard

"async-limiter@npm:~1.0.0":
  version: 1.0.1
  resolution: "async-limiter@npm:1.0.1"
  checksum: 2/d123312ace75c07399ddc58e06cc028dacce35f71cdf59cf9b22f6c31dde221c22285e6185ede823ecb67f3b3065e26205eb9f74fcbba3f12ce7a2c2b09d7763
  languageName: node
  linkType: hard

"asynckit@npm:^0.4.0":
  version: 0.4.0
  resolution: "asynckit@npm:0.4.0"
  checksum: 2/a024000b9ddd938e2f27b3cb8188f96a5e1fff58185e98b84862fc4e01de279a547874a800340c2b106bb9de9b0fc61c6c683bc6892abf65e6be29a96addafd3
  languageName: node
  linkType: hard

"axios@npm:^0.19.2":
  version: 0.19.2
  resolution: "axios@npm:0.19.2"
  dependencies:
    follow-redirects: 1.5.10
  checksum: 2/bad346deea24050f9953ce09bb8015f85a99a7b8f016806adccfab0b8981827d1fbee9c77c0ef7c70cc48392c1af6bbc65e07c3e88221d17282d2d5fd0a191f6
  languageName: node
  linkType: hard

"balanced-match@npm:^1.0.0":
  version: 1.0.0
  resolution: "balanced-match@npm:1.0.0"
  checksum: 2/f515a605fe1b59f476f7477c5e1d53ad55b4f42982fca1d57b6701906f4ad1f1ac90fd6587d92cc1af2edb43eecf979214dd847ee410a6de9db4ebf0dd128d62
  languageName: node
  linkType: hard

"bl@npm:^2.2.0":
  version: 2.2.0
  resolution: "bl@npm:2.2.0"
  dependencies:
    readable-stream: ^2.3.5
    safe-buffer: ^5.1.1
  checksum: 2/a944248044a8a488f225124addb944d1618df846fdc8ba38be85dd95207f58322637800cd213d3886074d85d38ef0dc9ba9cc09ae85859effa7077f408ba6595
  languageName: node
  linkType: hard

"brace-expansion@npm:^1.1.7":
  version: 1.1.11
  resolution: "brace-expansion@npm:1.1.11"
  dependencies:
    balanced-match: ^1.0.0
    concat-map: 0.0.1
  checksum: 2/4c878e25e4858baf801945dfd63eb68feab2e502cf1122f25f3915c0e3bf397af3a93ff6bef0798db41c0d81ef28c08e55daac38058710f749a3b96eee6b8f40
  languageName: node
  linkType: hard

"bson@npm:^1.1.1":
  version: 1.1.4
  resolution: "bson@npm:1.1.4"
  checksum: 2/ec5d5fb1f57273c9203dfb31b0df30a58abb4e701851373233ae6693bcaac240631c42b05615fc91601458a76c56d9999a8fbfc8ec68163ac0273138db43cf70
  languageName: node
  linkType: hard

"buffer-crc32@npm:~0.2.3":
  version: 0.2.13
  resolution: "buffer-crc32@npm:0.2.13"
  checksum: 2/0340e848d6fd87e49ef6f1067f31b2a8d2e71b433e9bb62ff3d9bc2499146f0be586b5b80b0d099c7110a226161b21cb6cd80162dd5a51d9ebdb03da58b99637
  languageName: node
  linkType: hard

"buffer-from@npm:^1.0.0":
  version: 1.1.1
  resolution: "buffer-from@npm:1.1.1"
  checksum: 2/540ceb79c4f5bfcadaabbc18324fa84c50dc52905084be7c03596a339cf5a88513bee6831ce9b36ddd046fab09257a7c80686e129d0559a0cfd141da196ad956
  languageName: node
  linkType: hard

"chalk@npm:^3.0.0":
  version: 3.0.0
  resolution: "chalk@npm:3.0.0"
  dependencies:
    ansi-styles: ^4.1.0
    supports-color: ^7.1.0
  checksum: 2/4018b0c812880da595d0d7b8159939527b72f58d3370e2fdc1a24d9abd460bab851695d7eca014082f110d5702d1221b05493fec430ccce375de907d50cc48c1
  languageName: node
  linkType: hard

"color-convert@npm:^2.0.1":
  version: 2.0.1
  resolution: "color-convert@npm:2.0.1"
  dependencies:
    color-name: ~1.1.4
  checksum: 2/3d5d8a011a43012ca11b6d739049ecf2055d95582fd16ec44bf1e685eb0baa5cc652002be8a1dc92b429c8d87418287d0528266a7595cb1ad8a7f4f1d3049df2
  languageName: node
  linkType: hard

"color-name@npm:~1.1.4":
  version: 1.1.4
  resolution: "color-name@npm:1.1.4"
  checksum: 2/3e1c9a4dee12eada307436f61614dd11fe300469db2b83f80c8b7a7cd8a1015f0f18dd13403f018927b249003777ff60baba4a03c65f12e6bddc0dfd9642021f
  languageName: node
  linkType: hard

"combined-stream@npm:^1.0.8":
  version: 1.0.8
  resolution: "combined-stream@npm:1.0.8"
  dependencies:
    delayed-stream: ~1.0.0
  checksum: 2/5791ce7944530f0db74a97e77ea28b6fdbf89afcf038e41d6b4195019c4c803cd19ed2905a54959e5b3830d50bd5d6f93c681c6d3aaea8614ad43b48e62e9d65
  languageName: node
  linkType: hard

"comment-json@npm:^2.2.0":
  version: 2.4.2
  resolution: "comment-json@npm:2.4.2"
  dependencies:
    core-util-is: ^1.0.2
    esprima: ^4.0.1
    has-own-prop: ^2.0.0
    repeat-string: ^1.6.1
  checksum: 2/80bc181741f7966946e09ba253e97a4709288acb65e8b30e641efbca0a1a2c79f31d4df6cd1412a17ddb3d1289f552ec13e1d3f983b42ac84de6344fd062cf3d
  languageName: node
  linkType: hard

"concat-map@npm:0.0.1":
  version: 0.0.1
  resolution: "concat-map@npm:0.0.1"
  checksum: 2/554e28d9ee5aa6e061795473ee092cb3d3a2cbdb76c35416e0bb6e03f136d7d07676da387b2ed0ec4106cedbb6534080d9abc48ecc4a92b76406cf2d0c3c0c4b
  languageName: node
  linkType: hard

"concat-stream@npm:^1.6.2":
  version: 1.6.2
  resolution: "concat-stream@npm:1.6.2"
  dependencies:
    buffer-from: ^1.0.0
    inherits: ^2.0.3
    readable-stream: ^2.2.2
    typedarray: ^0.0.6
  checksum: 2/7a97b7a7d0938e36800bdb6f5caf938bac8c523a6ec15df1f2ac41d3785541be30a6671c9f4c0d1ac9609e6ab29dcab8f54d1c84035e3e3b7b24f9336da68ab0
  languageName: node
  linkType: hard

"core-util-is@npm:^1.0.2, core-util-is@npm:~1.0.0":
  version: 1.0.2
  resolution: "core-util-is@npm:1.0.2"
  checksum: 2/089015ee3c462dfceba70faa1df83b42a7bb35db26dae6af283247b06fe3216c65fccd9f00eebcaf98300dc31e981d56aae9f90b624f8f6ff1153e235ff88b65
  languageName: node
  linkType: hard

"cross-spawn@npm:6.0.5":
  version: 6.0.5
  resolution: "cross-spawn@npm:6.0.5"
  dependencies:
    nice-try: ^1.0.4
    path-key: ^2.0.1
    semver: ^5.5.0
    shebang-command: ^1.2.0
    which: ^1.2.9
  checksum: 2/05fbbf957d9b81dc05fd799a238f6aacc2e7cc9783fff3f0e00439a97d6f269c90482571cbf1eeea17200fd119161a2d1f88aa49a8110b176e04f2a70825284f
  languageName: node
  linkType: hard

"debug@npm:4, debug@npm:^4.1.0":
  version: 4.1.1
  resolution: "debug@npm:4.1.1"
  dependencies:
    ms: ^2.1.1
  checksum: 2/3601a6ce96e4698ed3edf0ee6e67ef0317adfcdae2f66a43b23d1b14e8888b422337429b16dbbcba6801e7bfa6cbb8de3128fbacfb8ae1cd9bd7615ea6baf970
  languageName: node
  linkType: hard

"debug@npm:=3.1.0":
  version: 3.1.0
  resolution: "debug@npm:3.1.0"
  dependencies:
    ms: 2.0.0
  checksum: 2/1295acd5e0531761255661d325cd0a80ac8c5f6de8942a53bb23c2197ccb97526972de662ed0e5d9393be83f3428a298a6e7185ecb02f0da6282019cd2ffb4a8
  languageName: node
  linkType: hard

"debug@npm:^2.6.9":
  version: 2.6.9
  resolution: "debug@npm:2.6.9"
  dependencies:
    ms: 2.0.0
  checksum: 2/559f44f98cf25e2ee489022aec173afbff746564cb108c4493becb95bc3c017a67bdaa25a0ff64801fd32c35051d00af0e56cc7f762ae2c3bc089496e5a1c31b
  languageName: node
  linkType: hard

"delayed-stream@npm:~1.0.0":
  version: 1.0.0
  resolution: "delayed-stream@npm:1.0.0"
  checksum: 2/d9dfb0a7c79fd308fada9db2cf29d1ff22047ceb50dd78f7e3c173567909b438f418259cb76a6d9c9f513e88ef41d3a14154f618741ec8368c3efeff616d0c9f
  languageName: node
  linkType: hard

"denque@npm:^1.4.1":
  version: 1.4.1
  resolution: "denque@npm:1.4.1"
  checksum: 2/174e81b3c9407b2149216d9e793fb91d901c19b1225dceefdafe32d5abeca243382ffee9bb111a1f60e42d2791b457d029bb57379d48404b2fb351bf700b6a8c
  languageName: node
  linkType: hard

"diff@npm:^4.0.1":
  version: 4.0.2
  resolution: "diff@npm:4.0.2"
  checksum: 2/81b5cd7ddde6f0ba2a532d434cfdca365aedd6cc62bb133e851e66e071d40382a30924a07c1034bd3d5a2e332146f64514b73c06fe2ebc0490a67f0c98da79fb
  languageName: node
  linkType: hard

"esprima@npm:^4.0.1":
  version: 4.0.1
  resolution: "esprima@npm:4.0.1"
  bin:
    esparse: ./bin/esparse.js
    esvalidate: ./bin/esvalidate.js
  checksum: 2/5df45a3d9c95c36800d028ba76d8d4e04e199932b58c2939f462f859fd583e7d39b4a12d3f97986cf272a28a5fe5948ee6e49e36ef63f67b5b48d82a635c5081
  languageName: node
  linkType: hard

"extract-zip@npm:^1.6.6":
  version: 1.7.0
  resolution: "extract-zip@npm:1.7.0"
  dependencies:
    concat-stream: ^1.6.2
    debug: ^2.6.9
    mkdirp: ^0.5.4
    yauzl: ^2.10.0
  bin:
    extract-zip: cli.js
  checksum: 2/e90196dc3d874cb5f0684a5465c6a062363632ff1fbea91ad3983c05c79950b32f95c4b74653ae9efc11acff80c0a1cfe4852985804a57aa24ff6a1ca26fa0cb
  languageName: node
  linkType: hard

"fd-slicer@npm:~1.1.0":
  version: 1.1.0
  resolution: "fd-slicer@npm:1.1.0"
  dependencies:
    pend: ~1.2.0
  checksum: 2/ec759b16aea613f79540b450ffc278dcb927dccf55c89a364b68547441bec776d637f0a53aee9c9c70683406e4fc4b3aff29b1732bb388f9fa6ba200e8a79caa
  languageName: node
  linkType: hard

"follow-redirects@npm:1.5.10":
  version: 1.5.10
  resolution: "follow-redirects@npm:1.5.10"
  dependencies:
    debug: =3.1.0
  checksum: 2/6e58e02c31337b6b41ffc3d5f3d49920b7db428eddcf374537da00ef121fe473983e12d8557f4304287604168d3efcc288d1f009abaf4c9d61e5db0c0cee3c4a
  languageName: node
  linkType: hard

"form-data@npm:^3.0.0":
  version: 3.0.0
  resolution: "form-data@npm:3.0.0"
  dependencies:
    asynckit: ^0.4.0
    combined-stream: ^1.0.8
    mime-types: ^2.1.12
  checksum: 2/1af88217b449eda6566a0d95185f2baa403ed2a0e3b11547069f6062be66cbac7c8d7a25f0fc59560702e96526e659b5b9e5a8c6fefe00f06da44338191a9133
  languageName: node
  linkType: hard

"fs.realpath@npm:^1.0.0":
  version: 1.0.0
  resolution: "fs.realpath@npm:1.0.0"
  checksum: 2/698a91b1695e3926185c9e5b0dd57cf687dceb4eb73799af91e6b2ab741735e2962c366c5af6403ffddae2619914193bd339efa706fdc984d0ffc74b7a3603f4
  languageName: node
  linkType: hard

"glob@npm:^7.1.3":
  version: 7.1.6
  resolution: "glob@npm:7.1.6"
  dependencies:
    fs.realpath: ^1.0.0
    inflight: ^1.0.4
    inherits: 2
    minimatch: ^3.0.4
    once: ^1.3.0
    path-is-absolute: ^1.0.0
  checksum: 2/789977b52432865bd63846da5c75a6efc2c56abdc0cb5ffcdb8e91eeb67a58fa5594c1195d18b2b4aff99675b0739ed6bd61024b26562e0cca18c8f993efdc82
  languageName: node
  linkType: hard

"has-flag@npm:^4.0.0":
  version: 4.0.0
  resolution: "has-flag@npm:4.0.0"
  checksum: 2/2e5391139d3d287231ccb58659702392f6e3abeac3296fb4721afaff46493f3d9b99a9329ae015dfe973aa206ed5c75f43e86aec0267dce79aa5c2b6e811b3ad
  languageName: node
  linkType: hard

"has-own-prop@npm:^2.0.0":
  version: 2.0.0
  resolution: "has-own-prop@npm:2.0.0"
  checksum: 2/8513ff905297afb7b65f4e22012a2c8e20ab006067841015bf338cfd23019b6c7cec89b5192b4cb7eaaa2a5370d2474dc9a0bcfdfd71100c45b8d3be9882f45b
  languageName: node
  linkType: hard

"he@npm:1.1.1":
  version: 1.1.1
  resolution: "he@npm:1.1.1"
  bin:
    he: bin/he
  checksum: 2/b2b167171cf3eeec7db1c016fc650bc588771841b51f0d04538e700412932a1dc710d150bc629acab25b0ecc6ecf6646014dbf10160782b089651b984a3125fc
  languageName: node
  linkType: hard

"https-proxy-agent@npm:^4.0.0":
  version: 4.0.0
  resolution: "https-proxy-agent@npm:4.0.0"
  dependencies:
    agent-base: 5
    debug: 4
  checksum: 2/d3d20730cdcfa1b1ac492280501fa7b14ee89eb4fa2e7d300cc260463b48ea98b6cf1d4b287f40faa8c36c2f88d87819b4b419be5ec4055e9dcd2db501ce4680
  languageName: node
  linkType: hard

"inflight@npm:^1.0.4":
  version: 1.0.6
  resolution: "inflight@npm:1.0.6"
  dependencies:
    once: ^1.3.0
    wrappy: 1
  checksum: 2/17c53fc42cbe7f7f471d2bc41b97a0cde4b79a74d5ff59997d3f75210566fa278e17596da526d43de2bd07e222706240ce50e60097e54f2cde2e64cbbb372638
  languageName: node
  linkType: hard

"inherits@npm:2, inherits@npm:^2.0.3, inherits@npm:~2.0.3":
  version: 2.0.4
  resolution: "inherits@npm:2.0.4"
  checksum: 2/98426da247ddfc3dcd7d7daedd90c3ca32d5b08deca08949726f12d49232aef94772a07b36cf4ff833e105ae2ef931777f6de4a6dd8245a216b9299ad4a50bea
  languageName: node
  linkType: hard

"isarray@npm:~1.0.0":
  version: 1.0.0
  resolution: "isarray@npm:1.0.0"
  checksum: 2/b0ff31a290e783f7b3fb73f2951ee7fc2946dc197b05f73577dc77f87dc3be2e0f66007bedf069123d4e5c4b691e7c89a241f6ca06f0c0f4765cdac5aa4b4047
  languageName: node
  linkType: hard

"isexe@npm:^2.0.0":
  version: 2.0.0
  resolution: "isexe@npm:2.0.0"
  checksum: 2/7b437980bb77881a146fba85cfbdf01edc2b148673e9c2722a1e49661fea73adf524430a80fdbfb8ce9f60d43224e682c657c45030482bd39e0c488fc29b4afe
  languageName: node
  linkType: hard

"make-error@npm:^1.1.1":
  version: 1.3.6
  resolution: "make-error@npm:1.3.6"
  checksum: 2/2c780bab8409b865e8ee86697c599a2bf2765ec64d21eb67ccda27050e039f983feacad05a0d43aba3c966ea03d305d2612e94fec45474bcbc61181f57c5bb88
  languageName: node
  linkType: hard

"memory-pager@npm:^1.0.2":
  version: 1.5.0
  resolution: "memory-pager@npm:1.5.0"
  checksum: 2/6812af8165a31e729df25af125ba91b7ea7f3cacaf73a1c139b755be640cab9dfa4bb05b9acfc5d5f1f540b334203f26dac0662576033dd351e0a798abc4d72a
  languageName: node
  linkType: hard

"mime-db@npm:1.43.0":
  version: 1.43.0
  resolution: "mime-db@npm:1.43.0"
  checksum: 2/756d8ac9ea62e3f4bcecb7513208ccd213f96930dbaa7e6ebc83f3517f5efa2eeec6923c28e6409049eb29d54668ff3e80e9c3605a1270498d6e52fde0fd3bc2
  languageName: node
  linkType: hard

"mime-types@npm:^2.1.12, mime-types@npm:^2.1.25":
  version: 2.1.26
  resolution: "mime-types@npm:2.1.26"
  dependencies:
    mime-db: 1.43.0
  checksum: 2/6ab045d65e6123857be28a58dc446fd038ae7697aba9b5135b581cfb5ed8b01908d2c2dcfe16085ecbb57ba6c42b5e598732171f1c22034c20cd04c371003ada
  languageName: node
  linkType: hard

"mime@npm:^2.0.3":
  version: 2.4.4
  resolution: "mime@npm:2.4.4"
  bin:
    mime: cli.js
  checksum: 2/1507e1df9768d857cbae9871ff7888c9d40bac675e9c57ad5f7071faf62e2a4efed62aaf3134287b1e98a3446374cb2506fef48e7e3b45a2ea5715b0f6440d63
  languageName: node
  linkType: hard

"minimatch@npm:^3.0.4":
  version: 3.0.4
  resolution: "minimatch@npm:3.0.4"
  dependencies:
    brace-expansion: ^1.1.7
  checksum: 2/47eab9263962cacd5733e274ecad2d8e54b0f8e124ba35ae69189e296058f634a4967b87a98954f86fa5c830ff177caf827ce0136d28717ed3232951fb4fae62
  languageName: node
  linkType: hard

"minimist@npm:^1.2.5":
  version: 1.2.5
  resolution: "minimist@npm:1.2.5"
  checksum: 2/b77b8590147a4e217ff34266236bc39de23b52e6e33054076991ff674c7397a1380a7bde11111916f16f003a94aaa7e4f3d92595a32189644ff607fabc65a5b6
  languageName: node
  linkType: hard

"mkdirp@npm:^0.5.4":
  version: 0.5.4
  resolution: "mkdirp@npm:0.5.4"
  dependencies:
    minimist: ^1.2.5
  bin:
    mkdirp: bin/cmd.js
  checksum: 2/914b8b8b1c34128c06ddd41a1d33f1515f0dde80ba233e321385eedcd4cc71bc4a4b66c19c7fde708c3e7f22969403b371b81663761cff8b01a9a72c2b7bdd12
  languageName: node
  linkType: hard

"moment@npm:^2.24.0":
  version: 2.24.0
  resolution: "moment@npm:2.24.0"
  checksum: 2/983617bc51c8121a88d9530671fb9e5dc2c71d67ba5bf1b16ebef25b51bd3d1291f17735ac33e8604f4984a275561dfe0fb883664eceacf8f67291ffd26acee9
  languageName: node
  linkType: hard

"mongodb@npm:^3.5.5":
  version: 3.5.5
  resolution: "mongodb@npm:3.5.5"
  dependencies:
    bl: ^2.2.0
    bson: ^1.1.1
    denque: ^1.4.1
    require_optional: ^1.0.1
    safe-buffer: ^5.1.2
    saslprep: ^1.0.0
  dependenciesMeta:
    saslprep:
      optional: true
  checksum: 2/a46d77e87f98b48bb4a2f6179b1755162534ee32bf5f9c658a770bf598a6a34a2c7ac8299cb50f68647ac505822c5b35f7b92b4207404dfa665b0b455c9eb66c
  languageName: node
  linkType: hard

"ms@npm:2.0.0":
  version: 2.0.0
  resolution: "ms@npm:2.0.0"
  checksum: 2/1a230340cc7f322fbe916783d8c8d60455407c6b7fb7f901d6ee34eb272402302c5c7f070a97b8531245cbb4ca6a0a623f6a128d7e5a5440cefa2c669c0b35bb
  languageName: node
  linkType: hard

"ms@npm:^2.1.1":
  version: 2.1.2
  resolution: "ms@npm:2.1.2"
  checksum: 2/9b65fb709bc30c0c07289dcbdb61ca032acbb9ea5698b55fa62e2cebb04c5953f1876a1f3f7f4bc2e91d4bf4d86003f3e207c3bc6ee2f716f99827e62389cd0e
  languageName: node
  linkType: hard

"nice-try@npm:^1.0.4":
  version: 1.0.5
  resolution: "nice-try@npm:1.0.5"
  checksum: 2/330f190bf68146a560008b661e1ddbb2eac667c16990b6bf791516d89cceb707ec67901ad647d2b32674bfa816b916489cead5c2fb6e96864c659573ab5aa3bb
  languageName: node
  linkType: hard

"node-fetch@npm:^2.6.0":
  version: 2.6.0
  resolution: "node-fetch@npm:2.6.0"
  checksum: 2/dd9f586a9f7ddb7dd94d2aba9cb693d32f5001e9850098512fbc8a4cbdd56838afa08ed0a6725b9fce9b01ec12b713e622cbfc16d92762d8b937b238330a632a
  languageName: node
  linkType: hard

"node-html-parser@npm:^1.2.13":
  version: 1.2.13
  resolution: "node-html-parser@npm:1.2.13"
  dependencies:
    he: 1.1.1
  checksum: 2/762e0c400a930f781b1649b84d5055fa03f81b1bb15c32d610eb2c81dd3883a62e8728fbfb5aa03c7c8c303b18eb277d068c51a9ca75654fdac6a6dae66c8935
  languageName: node
  linkType: hard

"once@npm:^1.3.0":
  version: 1.4.0
  resolution: "once@npm:1.4.0"
  dependencies:
    wrappy: 1
  checksum: 2/57afc246536cf6494437f982b26475f22bee860f8b77ce8eb1543f42a8bffe04b2c66ddfea9a16cb25ccb80943f8ee4fc639367ef97b7a6a4f2672eb573963f5
  languageName: node
  linkType: hard

"path-is-absolute@npm:^1.0.0":
  version: 1.0.1
  resolution: "path-is-absolute@npm:1.0.1"
  checksum: 2/907e1e3e6ac0aef6e65adffd75b3892191d76a5b94c5cf26b43667c4240531d11872ca6979c209b2e5e1609f7f579d02f64ba9936b48bb59d36cc529f0d965ed
  languageName: node
  linkType: hard

"path-key@npm:^2.0.1":
  version: 2.0.1
  resolution: "path-key@npm:2.0.1"
  checksum: 2/7dc807a2baa11d6bc0fca72148a0a0ca69ab73d98fbe42e10d22764d1ef547767f2b4ff827c6bc66e733388cd8d54297a45a39499825b9fdfd18959202384029
  languageName: node
  linkType: hard

"pend@npm:~1.2.0":
  version: 1.2.0
  resolution: "pend@npm:1.2.0"
  checksum: 2/35da01b2aa52458fbda2dceaeb5305c0d6c7262beca67d9f4c97bd70e4a8f4457f5fa01ffea3b3f786fb310b9b3b98515c52de3d7ae0b50dfb50b2a2d38d042b
  languageName: node
  linkType: hard

"prettier@npm:^2.0.2":
  version: 2.0.2
  resolution: "prettier@npm:2.0.2"
  bin:
    prettier: bin-prettier.js
  checksum: 2/a00d6e8c454b6f9965702dd932094370a8ed7ff475ffbbf80e0203f390d63714863190666edb7daae25648f0f62e41e12bf7f3a2493781c71ac921f6de650705
  languageName: node
  linkType: hard

"process-nextick-args@npm:~2.0.0":
  version: 2.0.1
  resolution: "process-nextick-args@npm:2.0.1"
  checksum: 2/ddeb0f07d0d5efa649c2c5e39d1afd0e3668df2b392d036c8a508b0034f7beffbc474b3c2f7fd3fed2dc4113cef8f1f7e00d05690df3c611b36f6c7efd7852d1
  languageName: node
  linkType: hard

"progress@npm:^2.0.1":
  version: 2.0.3
  resolution: "progress@npm:2.0.3"
  checksum: 2/c46ef5a1de4d527dfd32fe56a7df0c1c8b420a4c02617196813bf7f10ac7c2a929afc265d44fdd68f5c439a7e7cb3d70d569716c82d6b4148ec72089860a1312
  languageName: node
  linkType: hard

"proxy-from-env@npm:^1.0.0":
  version: 1.1.0
  resolution: "proxy-from-env@npm:1.1.0"
  checksum: 2/6459372a57f3e8ef5211f7847ca2fffabcdd6490005892fcc0dcd62fe2b3551900c8a07fad7df9de3897547b1ab4ac7a7197964cd6fa7e76303caa4936bfaf32
  languageName: node
  linkType: hard

"puppeteer@npm:^2.1.1":
  version: 2.1.1
  resolution: "puppeteer@npm:2.1.1"
  dependencies:
    "@types/mime-types": ^2.1.0
    debug: ^4.1.0
    extract-zip: ^1.6.6
    https-proxy-agent: ^4.0.0
    mime: ^2.0.3
    mime-types: ^2.1.25
    progress: ^2.0.1
    proxy-from-env: ^1.0.0
    rimraf: ^2.6.1
    ws: ^6.1.0
  checksum: 2/dfa23c0eabedb71539b07ebc1c8713bd240fa883036e6a092ed936ac14f2e9a3194639fe0fa44f7c41d5b4ecaa4a3872f3389f0cca23747e7f7b517da726463e
  languageName: node
  linkType: hard

"readable-stream@npm:^2.2.2, readable-stream@npm:^2.3.5":
  version: 2.3.7
  resolution: "readable-stream@npm:2.3.7"
  dependencies:
    core-util-is: ~1.0.0
    inherits: ~2.0.3
    isarray: ~1.0.0
    process-nextick-args: ~2.0.0
    safe-buffer: ~5.1.1
    string_decoder: ~1.1.1
    util-deprecate: ~1.0.1
  checksum: 2/6e3826560627a751feb3a8aec073ef94c6e47b8c8e06eb5d136323b5f09db9d2077c23a42a8d54ed0123695af54b36c1e4271a8ec55112b15f4b89020d8dec72
  languageName: node
  linkType: hard

"repeat-string@npm:^1.6.1":
  version: 1.6.1
  resolution: "repeat-string@npm:1.6.1"
  checksum: 2/99c431ba7bef7a5d39819d562ebca89206368b45f73213677a3b562e25b5dd272d9e6a2ca8105001df14b6fc8cc71f0b10258c86e16cf8a256318fac1ddc8a77
  languageName: node
  linkType: hard

"require_optional@npm:^1.0.1":
  version: 1.0.1
  resolution: "require_optional@npm:1.0.1"
  dependencies:
    resolve-from: ^2.0.0
    semver: ^5.1.0
  checksum: 2/2a7cae14fcb0f7aac9e1837bde2edc1e95b2cf635376df09e973151ea735b77f2069e6bf9e1a1c5dd27f052e0b00a477db15807302a1ceeb487307ea61416bee
  languageName: node
  linkType: hard

"resolve-from@npm:^2.0.0":
  version: 2.0.0
  resolution: "resolve-from@npm:2.0.0"
  checksum: 2/e2cfa9d4402ceb731ce14f639248c8a8a364db8710ba3360a4492046c6688084235645a4f4004ac7d9acf40bc0644fac6d8c24f9012c7e5773234a7c09d57cb4
  languageName: node
  linkType: hard

"rimraf@npm:^2.6.1":
  version: 2.7.1
  resolution: "rimraf@npm:2.7.1"
  dependencies:
    glob: ^7.1.3
  bin:
    rimraf: ./bin.js
  checksum: 2/059efac2838ef917d4d1da1d80e724ad28c120cdf14ca6ed27ca72db2dc70be3e25421cba5947c6ec3d804c1d2bb9a247254653816ee0722bf943ffdd1ae19ef
  languageName: node
  linkType: hard

"safe-buffer@npm:^5.1.1, safe-buffer@npm:^5.1.2":
  version: 5.2.0
  resolution: "safe-buffer@npm:5.2.0"
  checksum: 2/e513079353a235749e64dc3b1ade741caf651c09d1291ee826e68d42c08913dcd2c76b291dd23979b0fd0bd551d99f4a3d8cc05aef4e9c75bebf6cbbd310b129
  languageName: node
  linkType: hard

"safe-buffer@npm:~5.1.0, safe-buffer@npm:~5.1.1":
  version: 5.1.2
  resolution: "safe-buffer@npm:5.1.2"
  checksum: 2/2708587c1b5e70a5e420714ceb59f30f5791c6e831d39812125a008eca63a4ac18578abd020a0776ea497ff03b4543f2b2a223a7b9073bf2d6c7af9ec6829218
  languageName: node
  linkType: hard

"saslprep@npm:^1.0.0":
  version: 1.0.3
  resolution: "saslprep@npm:1.0.3"
  dependencies:
    sparse-bitfield: ^3.0.3
  checksum: 2/d007f50fe6578814d7b6c06f528cf7b08f1e12292b1c7d671a29a7a709cec29527d85352d1de3e020b3ee30017a9abd58252ff27b5042b889acd4a67b089c38c
  languageName: node
  linkType: hard

"semver@npm:^5.1.0, semver@npm:^5.5.0":
  version: 5.7.1
  resolution: "semver@npm:5.7.1"
  bin:
    semver: ./bin/semver
  checksum: 2/06ff0ed753ebf741b7602be8faad620d6e160a2cb3f61019d00d919c8bca141638aa23c34da779b8595afdc9faa3678bfbb5f60366b6a4f65f98cf86605bbcdb
  languageName: node
  linkType: hard

"shebang-command@npm:^1.2.0":
  version: 1.2.0
  resolution: "shebang-command@npm:1.2.0"
  dependencies:
    shebang-regex: ^1.0.0
  checksum: 2/2a1e0092a6b80b14ec742ef4e982be8aa670edc7de3e8c68b26744fb535051f7d92518106387b52e9aabe0c1ceae33d23a7dfdb94c3d7f5035c3868b723a2854
  languageName: node
  linkType: hard

"shebang-regex@npm:^1.0.0":
  version: 1.0.0
  resolution: "shebang-regex@npm:1.0.0"
  checksum: 2/cf1a41cb09023e7d39739d7145fcba57c3fabc6728b78ce706f7315cf52dfadf30f7eea664e069224fbcbbfb6ab853bc55ac45f494b47ee73fc209c98487fae5
  languageName: node
  linkType: hard

"source-map-support@npm:^0.5.6":
  version: 0.5.16
  resolution: "source-map-support@npm:0.5.16"
  dependencies:
    buffer-from: ^1.0.0
    source-map: ^0.6.0
  checksum: 2/cf44ce8b694a32bc63f686826bc7e254e5025d4c7eeb4f0c76f61c828cd81067f0df88c0414c50db728dc3d207fb032d7c50c3b419286330332ddbdd4d2689d7
  languageName: node
  linkType: hard

"source-map@npm:^0.6.0":
  version: 0.6.1
  resolution: "source-map@npm:0.6.1"
  checksum: 2/8647829a0611724114022be455ca1c8a2c8ae61df81c5b3667d9b398207226a1e21174fb7bbf0b4dbeb27ac358222afb5a14f1c74a62a62b8883b012e5eb1270
  languageName: node
  linkType: hard

"sparse-bitfield@npm:^3.0.3":
  version: 3.0.3
  resolution: "sparse-bitfield@npm:3.0.3"
  dependencies:
    memory-pager: ^1.0.2
  checksum: 2/3d7ea483df832df45c1a9b4905b2e2ffb9107b6b43db664ffaf03371000f9ec0db664c8d94600443e344c91be36c52a299ba627f2d15c7f2bcd2c2b7ded6f3b0
  languageName: node
  linkType: hard

"string-similarity@npm:^4.0.1":
  version: 4.0.1
  resolution: "string-similarity@npm:4.0.1"
  checksum: 2/1e98bd5e64fae5426544f2e96b817dc515289074b33f773e628531ba4e0543a8ba01899be36ba1fa6b60bc458a8c77c7cf6983c5abf3d3592d04dd503b4c240a
  languageName: node
  linkType: hard

"string_decoder@npm:~1.1.1":
  version: 1.1.1
  resolution: "string_decoder@npm:1.1.1"
  dependencies:
    safe-buffer: ~5.1.0
  checksum: 2/bc2dc169d83df1b9e94defe7716bcad8a19ffe8211b029581cb0c6f9e83a6a7ba9ec3be38d179708a8643c692868a2b8b004ab159555dc26089ad3fa7b2158f5
  languageName: node
  linkType: hard

"supports-color@npm:^7.1.0":
  version: 7.1.0
  resolution: "supports-color@npm:7.1.0"
  dependencies:
    has-flag: ^4.0.0
  checksum: 2/6130f36b2a71f73014a6ef306bbaa5415d8daa5c0294082762a0505e4fb6800b8a9d037b60ed54f0c69cdfc37860034047d6004481c21f22dd43151b5e9334f0
  languageName: node
  linkType: hard

"ts-node@npm:^8.8.1":
  version: 8.8.1
  resolution: "ts-node@npm:8.8.1"
  dependencies:
    arg: ^4.1.0
    diff: ^4.0.1
    make-error: ^1.1.1
    source-map-support: ^0.5.6
    yn: 3.1.1
  peerDependencies:
    typescript: ">=2.7"
  bin:
    ts-node: dist/bin.js
    ts-node-script: dist/bin-script.js
    ts-node-transpile-only: dist/bin-transpile.js
    ts-script: dist/bin-script-deprecated.js
  checksum: 2/08ff0593dd41b97343e638edb1ab1bbb470311e66027c28036901099caa1ea9a86fe02cd9eabceed7e2e21fa9f99a56c4cbb4be5a3ea27fcaad866dc71d07005
  languageName: node
  linkType: hard

"typedarray@npm:^0.0.6":
  version: 0.0.6
  resolution: "typedarray@npm:0.0.6"
  checksum: 2/c9ef0176aaf32593514c31e5c6edc1db970847aff6e1f0a0570a6ac0cc996335792f394c2fcec59cc76691d22a01888ea073a2f3c6930cfcf7c519addf4e2ad7
  languageName: node
  linkType: hard

typescript@^3.8.3:
  version: 3.8.3
  resolution: "typescript@npm:3.8.3"
  bin:
    tsc: bin/tsc
    tsserver: bin/tsserver
  checksum: 2/519b11576247fe3570d89a2aa757d8f666aafc0cb9465a6cdd4df09c1dc6bf7285f0c6008d2ac7a55ea26457e767aaab819f58439d80af2cce1d9805b2be1034
  languageName: node
  linkType: hard

"typescript@patch:typescript@^3.8.3#builtin<compat/typescript>":
  version: 3.8.3
  resolution: "typescript@patch:typescript@npm%3A3.8.3#builtin<compat/typescript>::version=3.8.3&hash=270b6c"
  bin:
    tsc: bin/tsc
    tsserver: bin/tsserver
  checksum: 2/2950b292ac700898647d49ca5f07fa546f6c3d28983ba559c5b4fa360babdc1734493b7f5f72553735eaa401c850989d7bbbd70f739df3c0b7fc83c82e37d8a5
  languageName: node
  linkType: hard

"util-deprecate@npm:~1.0.1":
  version: 1.0.2
  resolution: "util-deprecate@npm:1.0.2"
  checksum: 2/73c2b1cf0210ccac300645384d8443cabbd93194117b2dc1b3bae8d8279ad39aedac857e020c4ea505e96a1045059c7359db3df6a9df0be6b8584166c9d61dc9
  languageName: node
  linkType: hard

"which@npm:^1.2.9":
  version: 1.3.1
  resolution: "which@npm:1.3.1"
  dependencies:
    isexe: ^2.0.0
  bin:
    which: ./bin/which
  checksum: 2/298d95f9c185c4da22c1bfb1fdfa37c2ba56df8a6b98706ab361bf31a7d3a4845afaecfc48d4de7a259048842b5f2977f51b56f5c06c1f6a83dcf5a9e3de634a
  languageName: node
  linkType: hard

"wrappy@npm:1":
  version: 1.0.2
  resolution: "wrappy@npm:1.0.2"
  checksum: 2/519fcda0fcdf0c16327be2de9d98646742307bc830277e8868529fcf7566f2b330a6453c233e0cdcb767d5838dd61a90984a02ecc983bcddebea5ad0833bbf98
  languageName: node
  linkType: hard

"ws@npm:^6.1.0":
  version: 6.2.1
  resolution: "ws@npm:6.2.1"
  dependencies:
    async-limiter: ~1.0.0
  checksum: 2/35d32b09e28f799f04708c3a7bd9eff469ae63e60543d7e18335f28689228a42ee21210f48de680aad6e5317df76b5b1183d1a1ea4b4d14cb6e0943528f40e76
  languageName: node
  linkType: hard

"yauzl@npm:^2.10.0":
  version: 2.10.0
  resolution: "yauzl@npm:2.10.0"
  dependencies:
    buffer-crc32: ~0.2.3
    fd-slicer: ~1.1.0
  checksum: 2/6d0c4e72706ec2df6ea842d09c792e7b34badc5db3d8a893e0c70d0e464c9bf82bac4b1690f3515b5e1d96b72fceb6cc4dd96465426077ba6dddc54e7dd4d517
  languageName: node
  linkType: hard

"yn@npm:3.1.1":
  version: 3.1.1
  resolution: "yn@npm:3.1.1"
  checksum: 2/bff63b80568d80c711670935427494dde47cdf97e8b04196b140ce0af519c81c5ee857eddad0caa8b422dd65aea0157bbfaacbb1546bebba623f0f383d5d9ae5
  languageName: node
  linkType: hard
